
Microsoft Visual Studio Solution File, Format Version 12.00
# Visual Studio 2012
Project("{FAE04EC0-301F-11D3-BF4B-00C04F79EFBC}") = "Naxam.RxAndroid.Droid", "Naxam.RxAndroid.Droid\Naxam.RxAndroid.Droid.csproj", "{0E4EC01C-5DA7-49EF-BA9D-B3514A78B91E}"
EndProject
Project("{2150E333-8FDC-42A3-9474-1A3956D46DE8}") = "đemo", "đemo", "{700283AA-D0B8-4DA6-A519-B4DD1B0C22E6}"
EndProject
Project("{FAE04EC0-301F-11D3-BF4B-00C04F79EFBC}") = "RxAndroidQs", "demo\RxAndroidQs\RxAndroidQs.csproj", "{C4164E11-56C9-48CD-B8DA-ED9DA44149C8}"
EndProject
Global
	GlobalSection(SolutionConfigurationPlatforms) = preSolution
		Debug|Any CPU = Debug|Any CPU
		Release|Any CPU = Release|Any CPU
	EndGlobalSection
	GlobalSection(ProjectConfigurationPlatforms) = postSolution
		{0E4EC01C-5DA7-49EF-BA9D-B3514A78B91E}.Debug|Any CPU.ActiveCfg = Debug|Any CPU
		{0E4EC01C-5DA7-49EF-BA9D-B3514A78B91E}.Debug|Any CPU.Build.0 = Debug|Any CPU
		{0E4EC01C-5DA7-49EF-BA9D-B3514A78B91E}.Release|Any CPU.ActiveCfg = Release|Any CPU
		{0E4EC01C-5DA7-49EF-BA9D-B3514A78B91E}.Release|Any CPU.Build.0 = Release|Any CPU
		{C4164E11-56C9-48CD-B8DA-ED9DA44149C8}.Debug|Any CPU.ActiveCfg = Debug|Any CPU
		{C4164E11-56C9-48CD-B8DA-ED9DA44149C8}.Debug|Any CPU.Build.0 = Debug|Any CPU
		{C4164E11-56C9-48CD-B8DA-ED9DA44149C8}.Release|Any CPU.ActiveCfg = Release|Any CPU
		{C4164E11-56C9-48CD-B8DA-ED9DA44149C8}.Release|Any CPU.Build.0 = Release|Any CPU
	EndGlobalSection
	GlobalSection(NestedProjects) = preSolution
		{C4164E11-56C9-48CD-B8DA-ED9DA44149C8} = {700283AA-D0B8-4DA6-A519-B4DD1B0C22E6}
	EndGlobalSection
EndGlobal
